{
  "name": "tests",
  "lockfileVersion": 2,
  "requires": true,
  "packages": {
    "": {
      "dependencies": {
        "@wgytcraft/hello-world-template": "^1.0.0"
      }
    },
    "node_modules/@wgytcraft/hello-world-template": {
      "version": "1.0.0",
      "resolved": "https://registry.npmjs.org/@wgytcraft/hello-world-template/-/hello-world-template-1.0.0.tgz",
      "integrity": "sha512-JFhq6BE4ukvr4YEazVRDpfx6AUPGFuB1b5+hVl8W3bQjm+9IKMzbFfd5BWXjb/QMWqXFiJ8fW5YtJGrVWldFCg=="
    }
  },
  "dependencies": {
    "@wgytcraft/hello-world-template": {
      "version": "1.0.0",
      "resolved": "https://registry.npmjs.org/@wgytcraft/hello-world-template/-/hello-world-template-1.0.0.tgz",
      "integrity": "sha512-JFhq6BE4ukvr4YEazVRDpfx6AUPGFuB1b5+hVl8W3bQjm+9IKMzbFfd5BWXjb/QMWqXFiJ8fW5YtJGrVWldFCg=="
    }
  }
}
